// !$*UTF8*$!
{
	archiveVersion = 1;
	classes = {
	};
	objectVersion = 51;
	objects = {

/* Begin PBXBuildFile section */
		638C36E023A36A6300F90BFA /* AppDelegate.swift in Sources */ = {isa = PBXBuildFile; fileRef = 638C36DF23A36A6300F90BFA /* AppDelegate.swift */; };
		638C36E223A36A6300F90BFA /* SceneDelegate.swift in Sources */ = {isa = PBXBuildFile; fileRef = 638C36E123A36A6300F90BFA /* SceneDelegate.swift */; };
		638C36E723A36A6300F90BFA /* Main.storyboard in Resources */ = {isa = PBXBuildFile; fileRef = 638C36E523A36A6300F90BFA /* Main.storyboard */; };
		638C36E923A36A6300F90BFA /* Assets.xcassets in Resources */ = {isa = PBXBuildFile; fileRef = 638C36E823A36A6300F90BFA /* Assets.xcassets */; };
		638C36EC23A36A6300F90BFA /* LaunchScreen.storyboard in Resources */ = {isa = PBXBuildFile; fileRef = 638C36EA23A36A6300F90BFA /* LaunchScreen.storyboard */; };
		638C36F723A36A6300F90BFA /* UrbanPawTests.swift in Sources */ = {isa = PBXBuildFile; fileRef = 638C36F623A36A6300F90BFA /* UrbanPawTests.swift */; };
		638C370223A36A6300F90BFA /* UrbanPawUITests.swift in Sources */ = {isa = PBXBuildFile; fileRef = 638C370123A36A6300F90BFA /* UrbanPawUITests.swift */; };
		638C371023A36A9F00F90BFA /* LoginVC.swift in Sources */ = {isa = PBXBuildFile; fileRef = 638C370F23A36A9F00F90BFA /* LoginVC.swift */; };
		638C371223A36AC500F90BFA /* YourorderVC.swift in Sources */ = {isa = PBXBuildFile; fileRef = 638C371123A36AC500F90BFA /* YourorderVC.swift */; };
		638C371823A36CD000F90BFA /* MenuTableCell.swift in Sources */ = {isa = PBXBuildFile; fileRef = 638C371623A36CD000F90BFA /* MenuTableCell.swift */; };
		638C371D23A373A900F90BFA /* Constant.swift in Sources */ = {isa = PBXBuildFile; fileRef = 638C371C23A373A900F90BFA /* Constant.swift */; };
		638C371F23A373B700F90BFA /* NetworkClass.swift in Sources */ = {isa = PBXBuildFile; fileRef = 638C371E23A373B700F90BFA /* NetworkClass.swift */; };
		638C372123A3A84D00F90BFA /* orderViewCollectionCell.swift in Sources */ = {isa = PBXBuildFile; fileRef = 638C372023A3A84D00F90BFA /* orderViewCollectionCell.swift */; };
		63940DD123A8AB2B00FE4D58 /* ProfileVC.swift in Sources */ = {isa = PBXBuildFile; fileRef = 63940DD023A8AB2B00FE4D58 /* ProfileVC.swift */; };
		63940DD323A8B20400FE4D58 /* ProfileTableCell.swift in Sources */ = {isa = PBXBuildFile; fileRef = 63940DD223A8B20400FE4D58 /* ProfileTableCell.swift */; };
		63940DD923A8FB8C00FE4D58 /* bookingOwnerprofileVC.swift in Sources */ = {isa = PBXBuildFile; fileRef = 63940DD523A8FB8B00FE4D58 /* bookingOwnerprofileVC.swift */; };
		63940DDA23A8FB8C00FE4D58 /* YourBookingVC.swift in Sources */ = {isa = PBXBuildFile; fileRef = 63940DD623A8FB8B00FE4D58 /* YourBookingVC.swift */; };
		63940DDB23A8FB8C00FE4D58 /* AcceptProfileVC.swift in Sources */ = {isa = PBXBuildFile; fileRef = 63940DD723A8FB8B00FE4D58 /* AcceptProfileVC.swift */; };
		63940DDC23A8FB8C00FE4D58 /* YourbookingdetailVC.swift in Sources */ = {isa = PBXBuildFile; fileRef = 63940DD823A8FB8C00FE4D58 /* YourbookingdetailVC.swift */; };
		63940DDE23A8FE9600FE4D58 /* DetailBookingVC.swift in Sources */ = {isa = PBXBuildFile; fileRef = 63940DDD23A8FE9600FE4D58 /* DetailBookingVC.swift */; };
		63C3CCB523A744C7000F6118 /* AccountSettingVC.swift in Sources */ = {isa = PBXBuildFile; fileRef = 63C3CCB423A744C7000F6118 /* AccountSettingVC.swift */; };
		63C3CCE823A75FAE000F6118 /* SettingsTableCell.swift in Sources */ = {isa = PBXBuildFile; fileRef = 63C3CCE723A75FAE000F6118 /* SettingsTableCell.swift */; };
		63C3CCEA23A764E7000F6118 /* ContactUsVC.swift in Sources */ = {isa = PBXBuildFile; fileRef = 63C3CCE923A764E7000F6118 /* ContactUsVC.swift */; };
		63C3CCED23A78F07000F6118 /* RaiseTicketVC.swift in Sources */ = {isa = PBXBuildFile; fileRef = 63C3CCEC23A78F07000F6118 /* RaiseTicketVC.swift */; };
		63C3CCF023A79103000F6118 /* jobhistorydetailsvc.swift in Sources */ = {isa = PBXBuildFile; fileRef = 63C3CCEF23A79102000F6118 /* jobhistorydetailsvc.swift */; };
		63C3CCF423A79114000F6118 /* JobHistoryTableViewCell.swift in Sources */ = {isa = PBXBuildFile; fileRef = 63C3CCF123A79114000F6118 /* JobHistoryTableViewCell.swift */; };
		63C3CCF523A79114000F6118 /* JobHistoryTableViewCell.xib in Resources */ = {isa = PBXBuildFile; fileRef = 63C3CCF223A79114000F6118 /* JobHistoryTableViewCell.xib */; };
		63C3CCF623A79114000F6118 /* JobHistoryViewController.swift in Sources */ = {isa = PBXBuildFile; fileRef = 63C3CCF323A79114000F6118 /* JobHistoryViewController.swift */; };
		A1CC182716F7D0EAC1E61E9F /* Pods_UrbanPaw.framework in Frameworks */ = {isa = PBXBuildFile; fileRef = 86982F6F95C286BF1484992B /* Pods_UrbanPaw.framework */; };
		B6181C552AF33C9335941C68 /* Pods_UrbanPawTests.framework in Frameworks */ = {isa = PBXBuildFile; fileRef = DBC0F359E6372D367CEA3571 /* Pods_UrbanPawTests.framework */; };
		D9D2FB49C01EBBA3119AE7C0 /* Pods_UrbanPaw_UrbanPawUITests.framework in Frameworks */ = {isa = PBXBuildFile; fileRef = AD6435DE51617EEE3F534F39 /* Pods_UrbanPaw_UrbanPawUITests.framework */; };
/* End PBXBuildFile section */

/* Begin PBXContainerItemProxy section */
		638C36F323A36A6300F90BFA /* PBXContainerItemProxy */ = {
			isa = PBXContainerItemProxy;
			containerPortal = 638C36D423A36A6300F90BFA /* Project object */;
			proxyType = 1;
			remoteGlobalIDString = 638C36DB23A36A6300F90BFA;
			remoteInfo = UrbanPaw;
		};
		638C36FE23A36A6300F90BFA /* PBXContainerItemProxy */ = {
			isa = PBXContainerItemProxy;
			containerPortal = 638C36D423A36A6300F90BFA /* Project object */;
			proxyType = 1;
			remoteGlobalIDString = 638C36DB23A36A6300F90BFA;
			remoteInfo = UrbanPaw;
		};
/* End PBXContainerItemProxy section */

/* Begin PBXFileReference section */
		03EB4179E5AC7A4A7238A094 /* Pods-UrbanPaw-UrbanPawUITests.debug.xcconfig */ = {isa = PBXFileReference; includeInIndex = 1; lastKnownFileType = text.xcconfig; name = "Pods-UrbanPaw-UrbanPawUITests.debug.xcconfig"; path = "Target Support Files/Pods-UrbanPaw-UrbanPawUITests/Pods-UrbanPaw-UrbanPawUITests.debug.xcconfig"; sourceTree = "<group>"; };
		3623B4626A4057F5B878A782 /* Pods-UrbanPaw.release.xcconfig */ = {isa = PBXFileReference; includeInIndex = 1; lastKnownFileType = text.xcconfig; name = "Pods-UrbanPaw.release.xcconfig"; path = "Target Support Files/Pods-UrbanPaw/Pods-UrbanPaw.release.xcconfig"; sourceTree = "<group>"; };
		3A5D1EAFF41E8B4A9E90753C /* Pods-UrbanPawTests.release.xcconfig */ = {isa = PBXFileReference; includeInIndex = 1; lastKnownFileType = text.xcconfig; name = "Pods-UrbanPawTests.release.xcconfig"; path = "Target Support Files/Pods-UrbanPawTests/Pods-UrbanPawTests.release.xcconfig"; sourceTree = "<group>"; };
		5C4059F6D5B3D161B9932EFE /* Pods-UrbanPaw.debug.xcconfig */ = {isa = PBXFileReference; includeInIndex = 1; lastKnownFileType = text.xcconfig; name = "Pods-UrbanPaw.debug.xcconfig"; path = "Target Support Files/Pods-UrbanPaw/Pods-UrbanPaw.debug.xcconfig"; sourceTree = "<group>"; };
		638C36DC23A36A6300F90BFA /* UrbanPaw.app */ = {isa = PBXFileReference; explicitFileType = wrapper.application; includeInIndex = 0; path = UrbanPaw.app; sourceTree = BUILT_PRODUCTS_DIR; };
		638C36DF23A36A6300F90BFA /* AppDelegate.swift */ = {isa = PBXFileReference; lastKnownFileType = sourcecode.swift; path = AppDelegate.swift; sourceTree = "<group>"; };
		638C36E123A36A6300F90BFA /* SceneDelegate.swift */ = {isa = PBXFileReference; lastKnownFileType = sourcecode.swift; path = SceneDelegate.swift; sourceTree = "<group>"; };
		638C36E623A36A6300F90BFA /* Base */ = {isa = PBXFileReference; lastKnownFileType = file.storyboard; name = Base; path = Base.lproj/Main.storyboard; sourceTree = "<group>"; };
		638C36E823A36A6300F90BFA /* Assets.xcassets */ = {isa = PBXFileReference; lastKnownFileType = folder.assetcatalog; path = Assets.xcassets; sourceTree = "<group>"; };
		638C36EB23A36A6300F90BFA /* Base */ = {isa = PBXFileReference; lastKnownFileType = file.storyboard; name = Base; path = Base.lproj/LaunchScreen.storyboard; sourceTree = "<group>"; };
		638C36ED23A36A6300F90BFA /* Info.plist */ = {isa = PBXFileReference; lastKnownFileType = text.plist.xml; path = Info.plist; sourceTree = "<group>"; };
		638C36F223A36A6300F90BFA /* UrbanPawTests.xctest */ = {isa = PBXFileReference; explicitFileType = wrapper.cfbundle; includeInIndex = 0; path = UrbanPawTests.xctest; sourceTree = BUILT_PRODUCTS_DIR; };
		638C36F623A36A6300F90BFA /* UrbanPawTests.swift */ = {isa = PBXFileReference; lastKnownFileType = sourcecode.swift; path = UrbanPawTests.swift; sourceTree = "<group>"; };
		638C36F823A36A6300F90BFA /* Info.plist */ = {isa = PBXFileReference; lastKnownFileType = text.plist.xml; path = Info.plist; sourceTree = "<group>"; };
		638C36FD23A36A6300F90BFA /* UrbanPawUITests.xctest */ = {isa = PBXFileReference; explicitFileType = wrapper.cfbundle; includeInIndex = 0; path = UrbanPawUITests.xctest; sourceTree = BUILT_PRODUCTS_DIR; };
		638C370123A36A6300F90BFA /* UrbanPawUITests.swift */ = {isa = PBXFileReference; lastKnownFileType = sourcecode.swift; path = UrbanPawUITests.swift; sourceTree = "<group>"; };
		638C370323A36A6300F90BFA /* Info.plist */ = {isa = PBXFileReference; lastKnownFileType = text.plist.xml; path = Info.plist; sourceTree = "<group>"; };
		638C370F23A36A9F00F90BFA /* LoginVC.swift */ = {isa = PBXFileReference; lastKnownFileType = sourcecode.swift; path = LoginVC.swift; sourceTree = "<group>"; };
		638C371123A36AC500F90BFA /* YourorderVC.swift */ = {isa = PBXFileReference; lastKnownFileType = sourcecode.swift; path = YourorderVC.swift; sourceTree = "<group>"; };
		638C371623A36CD000F90BFA /* MenuTableCell.swift */ = {isa = PBXFileReference; lastKnownFileType = sourcecode.swift; path = MenuTableCell.swift; sourceTree = "<group>"; };
		638C371C23A373A900F90BFA /* Constant.swift */ = {isa = PBXFileReference; lastKnownFileType = sourcecode.swift; path = Constant.swift; sourceTree = "<group>"; };
		638C371E23A373B700F90BFA /* NetworkClass.swift */ = {isa = PBXFileReference; lastKnownFileType = sourcecode.swift; path = NetworkClass.swift; sourceTree = "<group>"; };
		638C372023A3A84D00F90BFA /* orderViewCollectionCell.swift */ = {isa = PBXFileReference; lastKnownFileType = sourcecode.swift; path = orderViewCollectionCell.swift; sourceTree = "<group>"; };
		63940DD023A8AB2B00FE4D58 /* ProfileVC.swift */ = {isa = PBXFileReference; lastKnownFileType = sourcecode.swift; path = ProfileVC.swift; sourceTree = "<group>"; };
		63940DD223A8B20400FE4D58 /* ProfileTableCell.swift */ = {isa = PBXFileReference; lastKnownFileType = sourcecode.swift; path = ProfileTableCell.swift; sourceTree = "<group>"; };
		63940DD523A8FB8B00FE4D58 /* bookingOwnerprofileVC.swift */ = {isa = PBXFileReference; fileEncoding = 4; lastKnownFileType = sourcecode.swift; path = bookingOwnerprofileVC.swift; sourceTree = "<group>"; };
		63940DD623A8FB8B00FE4D58 /* YourBookingVC.swift */ = {isa = PBXFileReference; fileEncoding = 4; lastKnownFileType = sourcecode.swift; path = YourBookingVC.swift; sourceTree = "<group>"; };
		63940DD723A8FB8B00FE4D58 /* AcceptProfileVC.swift */ = {isa = PBXFileReference; fileEncoding = 4; lastKnownFileType = sourcecode.swift; path = AcceptProfileVC.swift; sourceTree = "<group>"; };
		63940DD823A8FB8C00FE4D58 /* YourbookingdetailVC.swift */ = {isa = PBXFileReference; fileEncoding = 4; lastKnownFileType = sourcecode.swift; path = YourbookingdetailVC.swift; sourceTree = "<group>"; };
		63940DDD23A8FE9600FE4D58 /* DetailBookingVC.swift */ = {isa = PBXFileReference; lastKnownFileType = sourcecode.swift; path = DetailBookingVC.swift; sourceTree = "<group>"; };
		63C3CCB423A744C7000F6118 /* AccountSettingVC.swift */ = {isa = PBXFileReference; lastKnownFileType = sourcecode.swift; path = AccountSettingVC.swift; sourceTree = "<group>"; };
		63C3CCE723A75FAE000F6118 /* SettingsTableCell.swift */ = {isa = PBXFileReference; lastKnownFileType = sourcecode.swift; path = SettingsTableCell.swift; sourceTree = "<group>"; };
		63C3CCE923A764E7000F6118 /* ContactUsVC.swift */ = {isa = PBXFileReference; lastKnownFileType = sourcecode.swift; path = ContactUsVC.swift; sourceTree = "<group>"; };
		63C3CCEC23A78F07000F6118 /* RaiseTicketVC.swift */ = {isa = PBXFileReference; lastKnownFileType = sourcecode.swift; path = RaiseTicketVC.swift; sourceTree = "<group>"; };
		63C3CCEF23A79102000F6118 /* jobhistorydetailsvc.swift */ = {isa = PBXFileReference; fileEncoding = 4; lastKnownFileType = sourcecode.swift; path = jobhistorydetailsvc.swift; sourceTree = "<group>"; };
		63C3CCF123A79114000F6118 /* JobHistoryTableViewCell.swift */ = {isa = PBXFileReference; fileEncoding = 4; lastKnownFileType = sourcecode.swift; path = JobHistoryTableViewCell.swift; sourceTree = "<group>"; };
		63C3CCF223A79114000F6118 /* JobHistoryTableViewCell.xib */ = {isa = PBXFileReference; fileEncoding = 4; lastKnownFileType = file.xib; path = JobHistoryTableViewCell.xib; sourceTree = "<group>"; };
		63C3CCF323A79114000F6118 /* JobHistoryViewController.swift */ = {isa = PBXFileReference; fileEncoding = 4; lastKnownFileType = sourcecode.swift; path = JobHistoryViewController.swift; sourceTree = "<group>"; };
		86982F6F95C286BF1484992B /* Pods_UrbanPaw.framework */ = {isa = PBXFileReference; explicitFileType = wrapper.framework; includeInIndex = 0; path = Pods_UrbanPaw.framework; sourceTree = BUILT_PRODUCTS_DIR; };
		A3CEE0E3B9F85BCCCD05DE5C /* Pods-UrbanPawTests.debug.xcconfig */ = {isa = PBXFileReference; includeInIndex = 1; lastKnownFileType = text.xcconfig; name = "Pods-UrbanPawTests.debug.xcconfig"; path = "Target Support Files/Pods-UrbanPawTests/Pods-UrbanPawTests.debug.xcconfig"; sourceTree = "<group>"; };
		AD6435DE51617EEE3F534F39 /* Pods_UrbanPaw_UrbanPawUITests.framework */ = {isa = PBXFileReference; explicitFileType = wrapper.framework; includeInIndex = 0; path = Pods_UrbanPaw_UrbanPawUITests.framework; sourceTree = BUILT_PRODUCTS_DIR; };
		DBC0F359E6372D367CEA3571 /* Pods_UrbanPawTests.framework */ = {isa = PBXFileReference; explicitFileType = wrapper.framework; includeInIndex = 0; path = Pods_UrbanPawTests.framework; sourceTree = BUILT_PRODUCTS_DIR; };
		E3F56E21A335C8D01F4654B0 /* Pods-UrbanPaw-UrbanPawUITests.release.xcconfig */ = {isa = PBXFileReference; includeInIndex = 1; lastKnownFileType = text.xcconfig; name = "Pods-UrbanPaw-UrbanPawUITests.release.xcconfig"; path = "Target Support Files/Pods-UrbanPaw-UrbanPawUITests/Pods-UrbanPaw-UrbanPawUITests.release.xcconfig"; sourceTree = "<group>"; };
/* End PBXFileReference section */

/* Begin PBXFrameworksBuildPhase section */
		638C36D923A36A6300F90BFA /* Frameworks */ = {
			isa = PBXFrameworksBuildPhase;
			buildActionMask = 2147483647;
			files = (
				A1CC182716F7D0EAC1E61E9F /* Pods_UrbanPaw.framework in Frameworks */,
			);
			runOnlyForDeploymentPostprocessing = 0;
		};
		638C36EF23A36A6300F90BFA /* Frameworks */ = {
			isa = PBXFrameworksBuildPhase;
			buildActionMask = 2147483647;
			files = (
				B6181C552AF33C9335941C68 /* Pods_UrbanPawTests.framework in Frameworks */,
			);
			runOnlyForDeploymentPostprocessing = 0;
		};
		638C36FA23A36A6300F90BFA /* Frameworks */ = {
			isa = PBXFrameworksBuildPhase;
			buildActionMask = 2147483647;
			files = (
				D9D2FB49C01EBBA3119AE7C0 /* Pods_UrbanPaw_UrbanPawUITests.framework in Frameworks */,
			);
			runOnlyForDeploymentPostprocessing = 0;
		};
/* End PBXFrameworksBuildPhase section */

/* Begin PBXGroup section */
		23D3F2D674CC2467A87091A5 /* Pods */ = {
			isa = PBXGroup;
			children = (
				5C4059F6D5B3D161B9932EFE /* Pods-UrbanPaw.debug.xcconfig */,
				3623B4626A4057F5B878A782 /* Pods-UrbanPaw.release.xcconfig */,
				03EB4179E5AC7A4A7238A094 /* Pods-UrbanPaw-UrbanPawUITests.debug.xcconfig */,
				E3F56E21A335C8D01F4654B0 /* Pods-UrbanPaw-UrbanPawUITests.release.xcconfig */,
				A3CEE0E3B9F85BCCCD05DE5C /* Pods-UrbanPawTests.debug.xcconfig */,
				3A5D1EAFF41E8B4A9E90753C /* Pods-UrbanPawTests.release.xcconfig */,
			);
			path = Pods;
			sourceTree = "<group>";
		};
		39C48EBC4134367B344BB714 /* Frameworks */ = {
			isa = PBXGroup;
			children = (
				86982F6F95C286BF1484992B /* Pods_UrbanPaw.framework */,
				AD6435DE51617EEE3F534F39 /* Pods_UrbanPaw_UrbanPawUITests.framework */,
				DBC0F359E6372D367CEA3571 /* Pods_UrbanPawTests.framework */,
			);
			name = Frameworks;
			sourceTree = "<group>";
		};
		638C36D323A36A6300F90BFA = {
			isa = PBXGroup;
			children = (
				638C36DE23A36A6300F90BFA /* UrbanPaw */,
				638C36F523A36A6300F90BFA /* UrbanPawTests */,
				638C370023A36A6300F90BFA /* UrbanPawUITests */,
				638C36DD23A36A6300F90BFA /* Products */,
				23D3F2D674CC2467A87091A5 /* Pods */,
				39C48EBC4134367B344BB714 /* Frameworks */,
			);
			sourceTree = "<group>";
		};
		638C36DD23A36A6300F90BFA /* Products */ = {
			isa = PBXGroup;
			children = (
				638C36DC23A36A6300F90BFA /* UrbanPaw.app */,
				638C36F223A36A6300F90BFA /* UrbanPawTests.xctest */,
				638C36FD23A36A6300F90BFA /* UrbanPawUITests.xctest */,
			);
			name = Products;
			sourceTree = "<group>";
		};
		638C36DE23A36A6300F90BFA /* UrbanPaw */ = {
			isa = PBXGroup;
			children = (
				638C371423A36AD700F90BFA /* XtraResource */,
				638C371323A36ACB00F90BFA /* UI */,
				638C36DF23A36A6300F90BFA /* AppDelegate.swift */,
				638C36E123A36A6300F90BFA /* SceneDelegate.swift */,
				638C36E523A36A6300F90BFA /* Main.storyboard */,
				638C36E823A36A6300F90BFA /* Assets.xcassets */,
				638C36EA23A36A6300F90BFA /* LaunchScreen.storyboard */,
				638C36ED23A36A6300F90BFA /* Info.plist */,
			);
			path = UrbanPaw;
			sourceTree = "<group>";
		};
		638C36F523A36A6300F90BFA /* UrbanPawTests */ = {
			isa = PBXGroup;
			children = (
				638C36F623A36A6300F90BFA /* UrbanPawTests.swift */,
				638C36F823A36A6300F90BFA /* Info.plist */,
			);
			path = UrbanPawTests;
			sourceTree = "<group>";
		};
		638C370023A36A6300F90BFA /* UrbanPawUITests */ = {
			isa = PBXGroup;
			children = (
				638C370123A36A6300F90BFA /* UrbanPawUITests.swift */,
				638C370323A36A6300F90BFA /* Info.plist */,
			);
			path = UrbanPawUITests;
			sourceTree = "<group>";
		};
		638C371323A36ACB00F90BFA /* UI */ = {
			isa = PBXGroup;
			children = (
				638C371523A36AFA00F90BFA /* MenuItems */,
				638C370F23A36A9F00F90BFA /* LoginVC.swift */,
				638C371123A36AC500F90BFA /* YourorderVC.swift */,
			);
			path = UI;
			sourceTree = "<group>";
		};
		638C371423A36AD700F90BFA /* XtraResource */ = {
			isa = PBXGroup;
			children = (
				638C371B23A3738F00F90BFA /* Constants */,
				638C371A23A3738600F90BFA /* Cells */,
			);
			path = XtraResource;
			sourceTree = "<group>";
		};
		638C371523A36AFA00F90BFA /* MenuItems */ = {
			isa = PBXGroup;
			children = (
				63940DD423A8FB7A00FE4D58 /* YourBooking */,
				63C3CCEE23A790F1000F6118 /* JobHistory */,
				63C3CCB423A744C7000F6118 /* AccountSettingVC.swift */,
				63C3CCE923A764E7000F6118 /* ContactUsVC.swift */,
				63C3CCEC23A78F07000F6118 /* RaiseTicketVC.swift */,
				63940DD023A8AB2B00FE4D58 /* ProfileVC.swift */,
			);
			path = MenuItems;
			sourceTree = "<group>";
		};
		638C371A23A3738600F90BFA /* Cells */ = {
			isa = PBXGroup;
			children = (
				638C371623A36CD000F90BFA /* MenuTableCell.swift */,
				638C372023A3A84D00F90BFA /* orderViewCollectionCell.swift */,
				63C3CCE723A75FAE000F6118 /* SettingsTableCell.swift */,
				63940DD223A8B20400FE4D58 /* ProfileTableCell.swift */,
			);
			path = Cells;
			sourceTree = "<group>";
		};
		638C371B23A3738F00F90BFA /* Constants */ = {
			isa = PBXGroup;
			children = (
				638C371C23A373A900F90BFA /* Constant.swift */,
				638C371E23A373B700F90BFA /* NetworkClass.swift */,
			);
			path = Constants;
			sourceTree = "<group>";
		};
		63940DD423A8FB7A00FE4D58 /* YourBooking */ = {
			isa = PBXGroup;
			children = (
				63940DD723A8FB8B00FE4D58 /* AcceptProfileVC.swift */,
				63940DD523A8FB8B00FE4D58 /* bookingOwnerprofileVC.swift */,
				63940DD823A8FB8C00FE4D58 /* YourbookingdetailVC.swift */,
				63940DD623A8FB8B00FE4D58 /* YourBookingVC.swift */,
				63940DDD23A8FE9600FE4D58 /* DetailBookingVC.swift */,
			);
			path = YourBooking;
			sourceTree = "<group>";
		};
		63C3CCEE23A790F1000F6118 /* JobHistory */ = {
			isa = PBXGroup;
			children = (
				63C3CCF123A79114000F6118 /* JobHistoryTableViewCell.swift */,
				63C3CCF223A79114000F6118 /* JobHistoryTableViewCell.xib */,
				63C3CCF323A79114000F6118 /* JobHistoryViewController.swift */,
				63C3CCEF23A79102000F6118 /* jobhistorydetailsvc.swift */,
			);
			path = JobHistory;
			sourceTree = "<group>";
		};
/* End PBXGroup section */

/* Begin PBXNativeTarget section */
		638C36DB23A36A6300F90BFA /* UrbanPaw */ = {
			isa = PBXNativeTarget;
			buildConfigurationList = 638C370623A36A6300F90BFA /* Build configuration list for PBXNativeTarget "UrbanPaw" */;
			buildPhases = (
				930DEC9686C96DF14B0EF132 /* [CP] Check Pods Manifest.lock */,
				638C36D823A36A6300F90BFA /* Sources */,
				638C36D923A36A6300F90BFA /* Frameworks */,
				638C36DA23A36A6300F90BFA /* Resources */,
				548E620B2E10B1DF25A98F91 /* [CP] Embed Pods Frameworks */,
				F8FA78264F347F9A447AA7BC /* [CP] Copy Pods Resources */,
			);
			buildRules = (
			);
			dependencies = (
			);
			name = UrbanPaw;
			productName = UrbanPaw;
			productReference = 638C36DC23A36A6300F90BFA /* UrbanPaw.app */;
			productType = "com.apple.product-type.application";
		};
		638C36F123A36A6300F90BFA /* UrbanPawTests */ = {
			isa = PBXNativeTarget;
			buildConfigurationList = 638C370923A36A6300F90BFA /* Build configuration list for PBXNativeTarget "UrbanPawTests" */;
			buildPhases = (
				7C72BABE28B208F497C3524A /* [CP] Check Pods Manifest.lock */,
				638C36EE23A36A6300F90BFA /* Sources */,
				638C36EF23A36A6300F90BFA /* Frameworks */,
				638C36F023A36A6300F90BFA /* Resources */,
			);
			buildRules = (
			);
			dependencies = (
				638C36F423A36A6300F90BFA /* PBXTargetDependency */,
			);
			name = UrbanPawTests;
			productName = UrbanPawTests;
			productReference = 638C36F223A36A6300F90BFA /* UrbanPawTests.xctest */;
			productType = "com.apple.product-type.bundle.unit-test";
		};
		638C36FC23A36A6300F90BFA /* UrbanPawUITests */ = {
			isa = PBXNativeTarget;
			buildConfigurationList = 638C370C23A36A6300F90BFA /* Build configuration list for PBXNativeTarget "UrbanPawUITests" */;
			buildPhases = (
				244EEF3614DEF58AFEC8FC6B /* [CP] Check Pods Manifest.lock */,
				638C36F923A36A6300F90BFA /* Sources */,
				638C36FA23A36A6300F90BFA /* Frameworks */,
				638C36FB23A36A6300F90BFA /* Resources */,
				67C6ABB30D9278058923F331 /* [CP] Embed Pods Frameworks */,
				1629F35360F9BD937DE33D68 /* [CP] Copy Pods Resources */,
			);
			buildRules = (
			);
			dependencies = (
				638C36FF23A36A6300F90BFA /* PBXTargetDependency */,
			);
			name = UrbanPawUITests;
			productName = UrbanPawUITests;
			productReference = 638C36FD23A36A6300F90BFA /* UrbanPawUITests.xctest */;
			productType = "com.apple.product-type.bundle.ui-testing";
		};
/* End PBXNativeTarget section */

/* Begin PBXProject section */
		638C36D423A36A6300F90BFA /* Project object */ = {
			isa = PBXProject;
			attributes = {
				LastSwiftUpdateCheck = 1120;
				LastUpgradeCheck = 1120;
				ORGANIZATIONNAME = "Mac User";
				TargetAttributes = {
					638C36DB23A36A6300F90BFA = {
						CreatedOnToolsVersion = 11.2.1;
					};
					638C36F123A36A6300F90BFA = {
						CreatedOnToolsVersion = 11.2.1;
						TestTargetID = 638C36DB23A36A6300F90BFA;
					};
					638C36FC23A36A6300F90BFA = {
						CreatedOnToolsVersion = 11.2.1;
						TestTargetID = 638C36DB23A36A6300F90BFA;
					};
				};
			};
			buildConfigurationList = 638C36D723A36A6300F90BFA /* Build configuration list for PBXProject "UrbanPaw" */;
			compatibilityVersion = "Xcode 9.3";
			developmentRegion = en;
			hasScannedForEncodings = 0;
			knownRegions = (
				en,
				Base,
			);
			mainGroup = 638C36D323A36A6300F90BFA;
			productRefGroup = 638C36DD23A36A6300F90BFA /* Products */;
			projectDirPath = "";
			projectRoot = "";
			targets = (
				638C36DB23A36A6300F90BFA /* UrbanPaw */,
				638C36F123A36A6300F90BFA /* UrbanPawTests */,
				638C36FC23A36A6300F90BFA /* UrbanPawUITests */,
			);
		};
/* End PBXProject section */

/* Begin PBXResourcesBuildPhase section */
		638C36DA23A36A6300F90BFA /* Resources */ = {
			isa = PBXResourcesBuildPhase;
			buildActionMask = 2147483647;
			files = (
				63C3CCF523A79114000F6118 /* JobHistoryTableViewCell.xib in Resources */,
				638C36EC23A36A6300F90BFA /* LaunchScreen.storyboard in Resources */,
				638C36E923A36A6300F90BFA /* Assets.xcassets in Resources */,
				638C36E723A36A6300F90BFA /* Main.storyboard in Resources */,
			);
			runOnlyForDeploymentPostprocessing = 0;
		};
		638C36F023A36A6300F90BFA /* Resources */ = {
			isa = PBXResourcesBuildPhase;
			buildActionMask = 2147483647;
			files = (
			);
			runOnlyForDeploymentPostprocessing = 0;
		};
		638C36FB23A36A6300F90BFA /* Resources */ = {
			isa = PBXResourcesBuildPhase;
			buildActionMask = 2147483647;
			files = (
			);
			runOnlyForDeploymentPostprocessing = 0;
		};
/* End PBXResourcesBuildPhase section */

/* Begin PBXShellScriptBuildPhase section */
		1629F35360F9BD937DE33D68 /* [CP] Copy Pods Resources */ = {
			isa = PBXShellScriptBuildPhase;
			buildActionMask = 2147483647;
			files = (
			);
			inputFileListPaths = (
				"${PODS_ROOT}/Target Support Files/Pods-UrbanPaw-UrbanPawUITests/Pods-UrbanPaw-UrbanPawUITests-resources-${CONFIGURATION}-input-files.xcfilelist",
			);
			name = "[CP] Copy Pods Resources";
			outputFileListPaths = (
				"${PODS_ROOT}/Target Support Files/Pods-UrbanPaw-UrbanPawUITests/Pods-UrbanPaw-UrbanPawUITests-resources-${CONFIGURATION}-output-files.xcfilelist",
			);
			runOnlyForDeploymentPostprocessing = 0;
			shellPath = /bin/sh;
			shellScript = "\"${PODS_ROOT}/Target Support Files/Pods-UrbanPaw-UrbanPawUITests/Pods-UrbanPaw-UrbanPawUITests-resources.sh\"\n";
			showEnvVarsInLog = 0;
		};
		244EEF3614DEF58AFEC8FC6B /* [CP] Check Pods Manifest.lock */ = {
			isa = PBXShellScriptBuildPhase;
			buildActionMask = 2147483647;
			files = (
			);
			inputFileListPaths = (
			);
			inputPaths = (
				"${PODS_PODFILE_DIR_PATH}/Podfile.lock",
				"${PODS_ROOT}/Manifest.lock",
			);
			name = "[CP] Check Pods Manifest.lock";
			outputFileListPaths = (
			);
			outputPaths = (
				"$(DERIVED_FILE_DIR)/Pods-UrbanPaw-UrbanPawUITests-checkManifestLockResult.txt",
			);
			runOnlyForDeploymentPostprocessing = 0;
			shellPath = /bin/sh;
			shellScript = "diff \"${PODS_PODFILE_DIR_PATH}/Podfile.lock\" \"${PODS_ROOT}/Manifest.lock\" > /dev/null\nif [ $? != 0 ] ; then\n    # print error to STDERR\n    echo \"error: The sandbox is not in sync with the Podfile.lock. Run 'pod install' or update your CocoaPods installation.\" >&2\n    exit 1\nfi\n# This output is used by Xcode 'outputs' to avoid re-running this script phase.\necho \"SUCCESS\" > \"${SCRIPT_OUTPUT_FILE_0}\"\n";
			showEnvVarsInLog = 0;
		};
		548E620B2E10B1DF25A98F91 /* [CP] Embed Pods Frameworks */ = {
			isa = PBXShellScriptBuildPhase;
			buildActionMask = 2147483647;
			files = (
			);
			inputFileListPaths = (
				"${PODS_ROOT}/Target Support Files/Pods-UrbanPaw/Pods-UrbanPaw-frameworks-${CONFIGURATION}-input-files.xcfilelist",
			);
			name = "[CP] Embed Pods Frameworks";
			outputFileListPaths = (
				"${PODS_ROOT}/Target Support Files/Pods-UrbanPaw/Pods-UrbanPaw-frameworks-${CONFIGURATION}-output-files.xcfilelist",
			);
			runOnlyForDeploymentPostprocessing = 0;
			shellPath = /bin/sh;
			shellScript = "\"${PODS_ROOT}/Target Support Files/Pods-UrbanPaw/Pods-UrbanPaw-frameworks.sh\"\n";
			showEnvVarsInLog = 0;
		};
		67C6ABB30D9278058923F331 /* [CP] Embed Pods Frameworks */ = {
			isa = PBXShellScriptBuildPhase;
			buildActionMask = 2147483647;
			files = (
			);
			inputFileListPaths = (
				"${PODS_ROOT}/Target Support Files/Pods-UrbanPaw-UrbanPawUITests/Pods-UrbanPaw-UrbanPawUITests-frameworks-${CONFIGURATION}-input-files.xcfilelist",
			);
			name = "[CP] Embed Pods Frameworks";
			outputFileListPaths = (
				"${PODS_ROOT}/Target Support Files/Pods-UrbanPaw-UrbanPawUITests/Pods-UrbanPaw-UrbanPawUITests-frameworks-${CONFIGURATION}-output-files.xcfilelist",
			);
			runOnlyForDeploymentPostprocessing = 0;
			shellPath = /bin/sh;
			shellScript = "\"${PODS_ROOT}/Target Support Files/Pods-UrbanPaw-UrbanPawUITests/Pods-UrbanPaw-UrbanPawUITests-frameworks.sh\"\n";
			showEnvVarsInLog = 0;
		};
		7C72BABE28B208F497C3524A /* [CP] Check Pods Manifest.lock */ = {
			isa = PBXShellScriptBuildPhase;
			buildActionMask = 2147483647;
			files = (
			);
			inputFileListPaths = (
			);
			inputPaths = (
				"${PODS_PODFILE_DIR_PATH}/Podfile.lock",
				"${PODS_ROOT}/Manifest.lock",
			);
			name = "[CP] Check Pods Manifest.lock";
			outputFileListPaths = (
			);
			outputPaths = (
				"$(DERIVED_FILE_DIR)/Pods-UrbanPawTests-checkManifestLockResult.txt",
			);
			runOnlyForDeploymentPostprocessing = 0;
			shellPath = /bin/sh;
			shellScript = "diff \"${PODS_PODFILE_DIR_PATH}/Podfile.lock\" \"${PODS_ROOT}/Manifest.lock\" > /dev/null\nif [ $? != 0 ] ; then\n    # print error to STDERR\n    echo \"error: The sandbox is not in sync with the Podfile.lock. Run 'pod install' or update your CocoaPods installation.\" >&2\n    exit 1\nfi\n# This output is used by Xcode 'outputs' to avoid re-running this script phase.\necho \"SUCCESS\" > \"${SCRIPT_OUTPUT_FILE_0}\"\n";
			showEnvVarsInLog = 0;
		};
		930DEC9686C96DF14B0EF132 /* [CP] Check Pods Manifest.lock */ = {
			isa = PBXShellScriptBuildPhase;
			buildActionMask = 2147483647;
			files = (
			);
			inputFileListPaths = (
			);
			inputPaths = (
				"${PODS_PODFILE_DIR_PATH}/Podfile.lock",
				"${PODS_ROOT}/Manifest.lock",
			);
			name = "[CP] Check Pods Manifest.lock";
			outputFileListPaths = (
			);
			outputPaths = (
				"$(DERIVED_FILE_DIR)/Pods-UrbanPaw-checkManifestLockResult.txt",
			);
			runOnlyForDeploymentPostprocessing = 0;
			shellPath = /bin/sh;
			shellScript = "diff \"${PODS_PODFILE_DIR_PATH}/Podfile.lock\" \"${PODS_ROOT}/Manifest.lock\" > /dev/null\nif [ $? != 0 ] ; then\n    # print error to STDERR\n    echo \"error: The sandbox is not in sync with the Podfile.lock. Run 'pod install' or update your CocoaPods installation.\" >&2\n    exit 1\nfi\n# This output is used by Xcode 'outputs' to avoid re-running this script phase.\necho \"SUCCESS\" > \"${SCRIPT_OUTPUT_FILE_0}\"\n";
			showEnvVarsInLog = 0;
		};
		F8FA78264F347F9A447AA7BC /* [CP] Copy Pods Resources */ = {
			isa = PBXShellScriptBuildPhase;
			buildActionMask = 2147483647;
			files = (
			);
			inputFileListPaths = (
				"${PODS_ROOT}/Target Support Files/Pods-UrbanPaw/Pods-UrbanPaw-resources-${CONFIGURATION}-input-files.xcfilelist",
			);
			name = "[CP] Copy Pods Resources";
			outputFileListPaths = (
				"${PODS_ROOT}/Target Support Files/Pods-UrbanPaw/Pods-UrbanPaw-resources-${CONFIGURATION}-output-files.xcfilelist",
			);
			runOnlyForDeploymentPostprocessing = 0;
			shellPath = /bin/sh;
			shellScript = "\"${PODS_ROOT}/Target Support Files/Pods-UrbanPaw/Pods-UrbanPaw-resources.sh\"\n";
			showEnvVarsInLog = 0;
		};
/* End PBXShellScriptBuildPhase section */

/* Begin PBXSourcesBuildPhase section */
		638C36D823A36A6300F90BFA /* Sources */ = {
			isa = PBXSourcesBuildPhase;
			buildActionMask = 2147483647;
			files = (
				638C371223A36AC500F90BFA /* YourorderVC.swift in Sources */,
				638C36E023A36A6300F90BFA /* AppDelegate.swift in Sources */,
				638C36E223A36A6300F90BFA /* SceneDelegate.swift in Sources */,
				63C3CCF623A79114000F6118 /* JobHistoryViewController.swift in Sources */,
				63940DD123A8AB2B00FE4D58 /* ProfileVC.swift in Sources */,
				638C372123A3A84D00F90BFA /* orderViewCollectionCell.swift in Sources */,
				63940DD323A8B20400FE4D58 /* ProfileTableCell.swift in Sources */,
				63C3CCEA23A764E7000F6118 /* ContactUsVC.swift in Sources */,
				63940DDC23A8FB8C00FE4D58 /* YourbookingdetailVC.swift in Sources */,
				638C371823A36CD000F90BFA /* MenuTableCell.swift in Sources */,
				638C371F23A373B700F90BFA /* NetworkClass.swift in Sources */,
				63C3CCED23A78F07000F6118 /* RaiseTicketVC.swift in Sources */,
				63C3CCF423A79114000F6118 /* JobHistoryTableViewCell.swift in Sources */,
				63940DD923A8FB8C00FE4D58 /* bookingOwnerprofileVC.swift in Sources */,
				63C3CCB523A744C7000F6118 /* AccountSettingVC.swift in Sources */,
				63940DDE23A8FE9600FE4D58 /* DetailBookingVC.swift in Sources */,
				63C3CCE823A75FAE000F6118 /* SettingsTableCell.swift in Sources */,
				638C371023A36A9F00F90BFA /* LoginVC.swift in Sources */,
				63940DDA23A8FB8C00FE4D58 /* YourBookingVC.swift in Sources */,
				638C371D23A373A900F90BFA /* Constant.swift in Sources */,
				63940DDB23A8FB8C00FE4D58 /* AcceptProfileVC.swift in Sources */,
				63C3CCF023A79103000F6118 /* jobhistorydetailsvc.swift in Sources */,
			);
			runOnlyForDeploymentPostprocessing = 0;
		};
		638C36EE23A36A6300F90BFA /* Sources */ = {
			isa = PBXSourcesBuildPhase;
			buildActionMask = 2147483647;
			files = (
				638C36F723A36A6300F90BFA /* UrbanPawTests.swift in Sources */,
			);
			runOnlyForDeploymentPostprocessing = 0;
		};
		638C36F923A36A6300F90BFA /* Sources */ = {
			isa = PBXSourcesBuildPhase;
			buildActionMask = 2147483647;
			files = (
				638C370223A36A6300F90BFA /* UrbanPawUITests.swift in Sources */,
			);
			runOnlyForDeploymentPostprocessing = 0;
		};
/* End PBXSourcesBuildPhase section */

/* Begin PBXTargetDependency section */
		638C36F423A36A6300F90BFA /* PBXTargetDependency */ = {
			isa = PBXTargetDependency;
			target = 638C36DB23A36A6300F90BFA /* UrbanPaw */;
			targetProxy = 638C36F323A36A6300F90BFA /* PBXContainerItemProxy */;
		};
		638C36FF23A36A6300F90BFA /* PBXTargetDependency */ = {
			isa = PBXTargetDependency;
			target = 638C36DB23A36A6300F90BFA /* UrbanPaw */;
			targetProxy = 638C36FE23A36A6300F90BFA /* PBXContainerItemProxy */;
		};
/* End PBXTargetDependency section */

/* Begin PBXVariantGroup section */
		638C36E523A36A6300F90BFA /* Main.storyboard */ = {
			isa = PBXVariantGroup;
			children = (
				638C36E623A36A6300F90BFA /* Base */,
			);
			name = Main.storyboard;
			sourceTree = "<group>";
		};
		638C36EA23A36A6300F90BFA /* LaunchScreen.storyboard */ = {
			isa = PBXVariantGroup;
			children = (
				638C36EB23A36A6300F90BFA /* Base */,
			);
			name = LaunchScreen.storyboard;
			sourceTree = "<group>";
		};
/* End PBXVariantGroup section */

/* Begin XCBuildConfiguration section */
		638C370423A36A6300F90BFA /* Debug */ = {
			isa = XCBuildConfiguration;
			buildSettings = {
				ALWAYS_SEARCH_USER_PATHS = NO;
				CLANG_ANALYZER_NONNULL = YES;
				CLANG_ANALYZER_NUMBER_OBJECT_CONVERSION = YES_AGGRESSIVE;
				CLANG_CXX_LANGUAGE_STANDARD = "gnu++14";
				CLANG_CXX_LIBRARY = "libc++";
				CLANG_ENABLE_MODULES = YES;
				CLANG_ENABLE_OBJC_ARC = YES;
				CLANG_ENABLE_OBJC_WEAK = YES;
				CLANG_WARN_BLOCK_CAPTURE_AUTORELEASING = YES;
				CLANG_WARN_BOOL_CONVERSION = YES;
				CLANG_WARN_COMMA = YES;
				CLANG_WARN_CONSTANT_CONVERSION = YES;
				CLANG_WARN_DEPRECATED_OBJC_IMPLEMENTATIONS = YES;
				CLANG_WARN_DIRECT_OBJC_ISA_USAGE = YES_ERROR;
				CLANG_WARN_DOCUMENTATION_COMMENTS = YES;
				CLANG_WARN_EMPTY_BODY = YES;
				CLANG_WARN_ENUM_CONVERSION = YES;
				CLANG_WARN_INFINITE_RECURSION = YES;
				CLANG_WARN_INT_CONVERSION = YES;
				CLANG_WARN_NON_LITERAL_NULL_CONVERSION = YES;
				CLANG_WARN_OBJC_IMPLICIT_RETAIN_SELF = YES;
				CLANG_WARN_OBJC_LITERAL_CONVERSION = YES;
				CLANG_WARN_OBJC_ROOT_CLASS = YES_ERROR;
				CLANG_WARN_RANGE_LOOP_ANALYSIS = YES;
				CLANG_WARN_STRICT_PROTOTYPES = YES;
				CLANG_WARN_SUSPICIOUS_MOVE = YES;
				CLANG_WARN_UNGUARDED_AVAILABILITY = YES_AGGRESSIVE;
				CLANG_WARN_UNREACHABLE_CODE = YES;
				CLANG_WARN__DUPLICATE_METHOD_MATCH = YES;
				COPY_PHASE_STRIP = NO;
				DEBUG_INFORMATION_FORMAT = dwarf;
				ENABLE_STRICT_OBJC_MSGSEND = YES;
				ENABLE_TESTABILITY = YES;
				GCC_C_LANGUAGE_STANDARD = gnu11;
				GCC_DYNAMIC_NO_PIC = NO;
				GCC_NO_COMMON_BLOCKS = YES;
				GCC_OPTIMIZATION_LEVEL = 0;
				GCC_PREPROCESSOR_DEFINITIONS = (
					"DEBUG=1",
					"$(inherited)",
				);
				GCC_WARN_64_TO_32_BIT_CONVERSION = YES;
				GCC_WARN_ABOUT_RETURN_TYPE = YES_ERROR;
				GCC_WARN_UNDECLARED_SELECTOR = YES;
				GCC_WARN_UNINITIALIZED_AUTOS = YES_AGGRESSIVE;
				GCC_WARN_UNUSED_FUNCTION = YES;
				GCC_WARN_UNUSED_VARIABLE = YES;
				IPHONEOS_DEPLOYMENT_TARGET = 13.2;
				MTL_ENABLE_DEBUG_INFO = INCLUDE_SOURCE;
				MTL_FAST_MATH = YES;
				ONLY_ACTIVE_ARCH = YES;
				SDKROOT = iphoneos;
				SWIFT_ACTIVE_COMPILATION_CONDITIONS = DEBUG;
				SWIFT_OPTIMIZATION_LEVEL = "-Onone";
			};
			name = Debug;
		};
		638C370523A36A6300F90BFA /* Release */ = {
			isa = XCBuildConfiguration;
			buildSettings = {
				ALWAYS_SEARCH_USER_PATHS = NO;
				CLANG_ANALYZER_NONNULL = YES;
				CLANG_ANALYZER_NUMBER_OBJECT_CONVERSION = YES_AGGRESSIVE;
				CLANG_CXX_LANGUAGE_STANDARD = "gnu++14";
				CLANG_CXX_LIBRARY = "libc++";
				CLANG_ENABLE_MODULES = YES;
				CLANG_ENABLE_OBJC_ARC = YES;
				CLANG_ENABLE_OBJC_WEAK = YES;
				CLANG_WARN_BLOCK_CAPTURE_AUTORELEASING = YES;
				CLANG_WARN_BOOL_CONVERSION = YES;
				CLANG_WARN_COMMA = YES;
				CLANG_WARN_CONSTANT_CONVERSION = YES;
				CLANG_WARN_DEPRECATED_OBJC_IMPLEMENTATIONS = YES;
				CLANG_WARN_DIRECT_OBJC_ISA_USAGE = YES_ERROR;
				CLANG_WARN_DOCUMENTATION_COMMENTS = YES;
				CLANG_WARN_EMPTY_BODY = YES;
				CLANG_WARN_ENUM_CONVERSION = YES;
				CLANG_WARN_INFINITE_RECURSION = YES;
				CLANG_WARN_INT_CONVERSION = YES;
				CLANG_WARN_NON_LITERAL_NULL_CONVERSION = YES;
				CLANG_WARN_OBJC_IMPLICIT_RETAIN_SELF = YES;
				CLANG_WARN_OBJC_LITERAL_CONVERSION = YES;
				CLANG_WARN_OBJC_ROOT_CLASS = YES_ERROR;
				CLANG_WARN_RANGE_LOOP_ANALYSIS = YES;
				CLANG_WARN_STRICT_PROTOTYPES = YES;
				CLANG_WARN_SUSPICIOUS_MOVE = YES;
				CLANG_WARN_UNGUARDED_AVAILABILITY = YES_AGGRESSIVE;
				CLANG_WARN_UNREACHABLE_CODE = YES;
				CLANG_WARN__DUPLICATE_METHOD_MATCH = YES;
				COPY_PHASE_STRIP = NO;
				DEBUG_INFORMATION_FORMAT = "dwarf-with-dsym";
				ENABLE_NS_ASSERTIONS = NO;
				ENABLE_STRICT_OBJC_MSGSEND = YES;
				GCC_C_LANGUAGE_STANDARD = gnu11;
				GCC_NO_COMMON_BLOCKS = YES;
				GCC_WARN_64_TO_32_BIT_CONVERSION = YES;
				GCC_WARN_ABOUT_RETURN_TYPE = YES_ERROR;
				GCC_WARN_UNDECLARED_SELECTOR = YES;
				GCC_WARN_UNINITIALIZED_AUTOS = YES_AGGRESSIVE;
				GCC_WARN_UNUSED_FUNCTION = YES;
				GCC_WARN_UNUSED_VARIABLE = YES;
				IPHONEOS_DEPLOYMENT_TARGET = 13.2;
				MTL_ENABLE_DEBUG_INFO = NO;
				MTL_FAST_MATH = YES;
				SDKROOT = iphoneos;
				SWIFT_COMPILATION_MODE = wholemodule;
				SWIFT_OPTIMIZATION_LEVEL = "-O";
				VALIDATE_PRODUCT = YES;
			};
			name = Release;
		};
		638C370723A36A6300F90BFA /* Debug */ = {
			isa = XCBuildConfiguration;
			baseConfigurationReference = 5C4059F6D5B3D161B9932EFE /* Pods-UrbanPaw.debug.xcconfig */;
			buildSettings = {
				ASSETCATALOG_COMPILER_APPICON_NAME = AppIcon;
				CODE_SIGN_STYLE = Automatic;
				INFOPLIST_FILE = UrbanPaw/Info.plist;
				LD_RUNPATH_SEARCH_PATHS = (
					"$(inherited)",
					"@executable_path/Frameworks",
				);
				PRODUCT_BUNDLE_IDENTIFIER = com.dxMinds.UrbanPaw;
				PRODUCT_NAME = "$(TARGET_NAME)";
				SWIFT_VERSION = 5.0;
				TARGETED_DEVICE_FAMILY = "1,2";
			};
			name = Debug;
		};
		638C370823A36A6300F90BFA /* Release */ = {
			isa = XCBuildConfiguration;
			baseConfigurationReference = 3623B4626A4057F5B878A782 /* Pods-UrbanPaw.release.xcconfig */;
			buildSettings = {
				ASSETCATALOG_COMPILER_APPICON_NAME = AppIcon;
				CODE_SIGN_STYLE = Automatic;
				INFOPLIST_FILE = UrbanPaw/Info.plist;
				LD_RUNPATH_SEARCH_PATHS = (
					"$(inherited)",
					"@executable_path/Frameworks",
				);
				PRODUCT_BUNDLE_IDENTIFIER = com.dxMinds.UrbanPaw;
				PRODUCT_NAME = "$(TARGET_NAME)";
				SWIFT_VERSION = 5.0;
				TARGETED_DEVICE_FAMILY = "1,2";
			};
			name = Release;
		};
		638C370A23A36A6300F90BFA /* Debug */ = {
			isa = XCBuildConfiguration;
			baseConfigurationReference = A3CEE0E3B9F85BCCCD05DE5C /* Pods-UrbanPawTests.debug.xcconfig */;
			buildSettings = {
				ALWAYS_EMBED_SWIFT_STANDARD_LIBRARIES = YES;
				BUNDLE_LOADER = "$(TEST_HOST)";
				CODE_SIGN_STYLE = Automatic;
				INFOPLIST_FILE = UrbanPawTests/Info.plist;
				IPHONEOS_DEPLOYMENT_TARGET = 13.2;
				LD_RUNPATH_SEARCH_PATHS = (
					"$(inherited)",
					"@executable_path/Frameworks",
					"@loader_path/Frameworks",
				);
				PRODUCT_BUNDLE_IDENTIFIER = com.dxMinds.UrbanPawTests;
				PRODUCT_NAME = "$(TARGET_NAME)";
				SWIFT_VERSION = 5.0;
				TARGETED_DEVICE_FAMILY = "1,2";
				TEST_HOST = "$(BUILT_PRODUCTS_DIR)/UrbanPaw.app/UrbanPaw";
			};
			name = Debug;
		};
		638C370B23A36A6300F90BFA /* Release */ = {
			isa = XCBuildConfiguration;
			baseConfigurationReference = 3A5D1EAFF41E8B4A9E90753C /* Pods-UrbanPawTests.release.xcconfig */;
			buildSettings = {
				ALWAYS_EMBED_SWIFT_STANDARD_LIBRARIES = YES;
				BUNDLE_LOADER = "$(TEST_HOST)";
				CODE_SIGN_STYLE = Automatic;
				INFOPLIST_FILE = UrbanPawTests/Info.plist;
				IPHONEOS_DEPLOYMENT_TARGET = 13.2;
				LD_RUNPATH_SEARCH_PATHS = (
					"$(inherited)",
					"@executable_path/Frameworks",
					"@loader_path/Frameworks",
				);
				PRODUCT_BUNDLE_IDENTIFIER = com.dxMinds.UrbanPawTests;
				PRODUCT_NAME = "$(TARGET_NAME)";
				SWIFT_VERSION = 5.0;
				TARGETED_DEVICE_FAMILY = "1,2";
				TEST_HOST = "$(BUILT_PRODUCTS_DIR)/UrbanPaw.app/UrbanPaw";
			};
			name = Release;
		};
		638C370D23A36A6300F90BFA /* Debug */ = {
			isa = XCBuildConfiguration;
			baseConfigurationReference = 03EB4179E5AC7A4A7238A094 /* Pods-UrbanPaw-UrbanPawUITests.debug.xcconfig */;
			buildSettings = {
				ALWAYS_EMBED_SWIFT_STANDARD_LIBRARIES = YES;
				CODE_SIGN_STYLE = Automatic;
				INFOPLIST_FILE = UrbanPawUITests/Info.plist;
				LD_RUNPATH_SEARCH_PATHS = (
					"$(inherited)",
					"@executable_path/Frameworks",
					"@loader_path/Frameworks",
				);
				PRODUCT_BUNDLE_IDENTIFIER = com.dxMinds.UrbanPawUITests;
				PRODUCT_NAME = "$(TARGET_NAME)";
				SWIFT_VERSION = 5.0;
				TARGETED_DEVICE_FAMILY = "1,2";
				TEST_TARGET_NAME = UrbanPaw;
			};
			name = Debug;
		};
		638C370E23A36A6300F90BFA /* Release */ = {
			isa = XCBuildConfiguration;
			baseConfigurationReference = E3F56E21A335C8D01F4654B0 /* Pods-UrbanPaw-UrbanPawUITests.release.xcconfig */;
			buildSettings = {
				ALWAYS_EMBED_SWIFT_STANDARD_LIBRARIES = YES;
				CODE_SIGN_STYLE = Automatic;
				INFOPLIST_FILE = UrbanPawUITests/Info.plist;
				LD_RUNPATH_SEARCH_PATHS = (
					"$(inherited)",
					"@executable_path/Frameworks",
					"@loader_path/Frameworks",
				);
				PRODUCT_BUNDLE_IDENTIFIER = com.dxMinds.UrbanPawUITests;
				PRODUCT_NAME = "$(TARGET_NAME)";
				SWIFT_VERSION = 5.0;
				TARGETED_DEVICE_FAMILY = "1,2";
				TEST_TARGET_NAME = UrbanPaw;
			};
			name = Release;
		};
/* End XCBuildConfiguration section */

/* Begin XCConfigurationList section */
		638C36D723A36A6300F90BFA /* Build configuration list for PBXProject "UrbanPaw" */ = {
			isa = XCConfigurationList;
			buildConfigurations = (
				638C370423A36A6300F90BFA /* Debug */,
				638C370523A36A6300F90BFA /* Release */,
			);
			defaultConfigurationIsVisible = 0;
			defaultConfigurationName = Release;
		};
		638C370623A36A6300F90BFA /* Build configuration list for PBXNativeTarget "UrbanPaw" */ = {
			isa = XCConfigurationList;
			buildConfigurations = (
				638C370723A36A6300F90BFA /* Debug */,
				638C370823A36A6300F90BFA /* Release */,
			);
			defaultConfigurationIsVisible = 0;
			defaultConfigurationName = Release;
		};
		638C370923A36A6300F90BFA /* Build configuration list for PBXNativeTarget "UrbanPawTests" */ = {
			isa = XCConfigurationList;
			buildConfigurations = (
				638C370A23A36A6300F90BFA /* Debug */,
				638C370B23A36A6300F90BFA /* Release */,
			);
			defaultConfigurationIsVisible = 0;
			defaultConfigurationName = Release;
		};
		638C370C23A36A6300F90BFA /* Build configuration list for PBXNativeTarget "UrbanPawUITests" */ = {
			isa = XCConfigurationList;
			buildConfigurations = (
				638C370D23A36A6300F90BFA /* Debug */,
				638C370E23A36A6300F90BFA /* Release */,
			);
			defaultConfigurationIsVisible = 0;
			defaultConfigurationName = Release;
		};
/* End XCConfigurationList section */
	};
	rootObject = 638C36D423A36A6300F90BFA /* Project object */;
}
